
Microsoft Visual Studio Solution File, Format Version 12.00
# Visual Studio Version 16
VisualStudioVersion = 16.0.32510.428
MinimumVisualStudioVersion = 10.0.40219.1
Project("{FAE04EC0-301F-11D3-BF4B-00C04F79EFBC}") = "PaymentAPI", "PaymentAPI\PaymentAPI.csproj", "{28F227AB-AD23-4480-AAEE-8A9AD3593854}"
EndProject
Global
	GlobalSection(SolutionConfigurationPlatforms) = preSolution
		Debug|Any CPU = Debug|Any CPU
		Release|Any CPU = Release|Any CPU
	EndGlobalSection
	GlobalSection(ProjectConfigurationPlatforms) = postSolution
		{28F227AB-AD23-4480-AAEE-8A9AD3593854}.Debug|Any CPU.ActiveCfg = Debug|Any CPU
		{28F227AB-AD23-4480-AAEE-8A9AD3593854}.Debug|Any CPU.Build.0 = Debug|Any CPU
		{28F227AB-AD23-4480-AAEE-8A9AD3593854}.Release|Any CPU.ActiveCfg = Release|Any CPU
		{28F227AB-AD23-4480-AAEE-8A9AD3593854}.Release|Any CPU.Build.0 = Release|Any CPU
	EndGlobalSection
	GlobalSection(SolutionProperties) = preSolution
		HideSolutionNode = FALSE
	EndGlobalSection
	GlobalSection(ExtensibilityGlobals) = postSolution
		SolutionGuid = {3F736042-8C5A-4378-9860-8F35822B3790}
	EndGlobalSection
EndGlobal
